
Microsoft Visual Studio Solution File, Format Version 12.00
# Visual Studio Version 17
VisualStudioVersion = 17.3.32922.545
MinimumVisualStudioVersion = 10.0.40219.1
Project("{FAE04EC0-301F-11D3-BF4B-00C04F79EFBC}") = "JewelryShop", "JewelryShop.csproj", "{294AAC69-EB0E-4528-A722-3C843E21A2F0}"
EndProject
Global
	GlobalSection(SolutionConfigurationPlatforms) = preSolution
		Debug|Any CPU = Debug|Any CPU
		Release|Any CPU = Release|Any CPU
	EndGlobalSection
	GlobalSection(ProjectConfigurationPlatforms) = postSolution
		{294AAC69-EB0E-4528-A722-3C843E21A2F0}.Debug|Any CPU.ActiveCfg = Debug|Any CPU
		{294AAC69-EB0E-4528-A722-3C843E21A2F0}.Debug|Any CPU.Build.0 = Debug|Any CPU
		{294AAC69-EB0E-4528-A722-3C843E21A2F0}.Release|Any CPU.ActiveCfg = Release|Any CPU
		{294AAC69-EB0E-4528-A722-3C843E21A2F0}.Release|Any CPU.Build.0 = Release|Any CPU
	EndGlobalSection
	GlobalSection(SolutionProperties) = preSolution
		HideSolutionNode = FALSE
	EndGlobalSection
	GlobalSection(ExtensibilityGlobals) = postSolution
		SolutionGuid = {282A2615-2D50-4760-93FF-F864B1A72806}
	EndGlobalSection
EndGlobal
